# THIS IS AN AUTOGENERATED FILE. DO NOT EDIT THIS FILE DIRECTLY.
# yarn lockfile v1


node-fetch@^2.6.1:
  version "2.6.7"
  resolved "https://registry.yarnpkg.com/node-fetch/-/node-fetch-2.6.7.tgz#24de9fba827e3b4ae44dc8b20256a379160052ad"
  integrity sha512-ZjMPFEfVx5j+y2yF35Kzx5sF7kDzxuDj6ziH4FFbOp87zKDZNx8yExJIb05OGF4Nlt9IHFIMBkRl41VdvcNdbQ==
  dependencies:
    whatwg-url "^5.0.0"

s.color@0.0.15:
  version "0.0.15"
  resolved "https://registry.yarnpkg.com/s.color/-/s.color-0.0.15.tgz#6b32cd22d8dba95703a5122ddede2020a1560186"
  integrity sha512-AUNrbEUHeKY8XsYr/DYpl+qk5+aM+DChopnWOPEzn8YKzOhv4l2zH6LzZms3tOZP3wwdOyc0RmTciyi46HLIuA==

suf-cli@^0.3.2:
  version "0.3.2"
  resolved "https://registry.yarnpkg.com/suf-cli/-/suf-cli-0.3.2.tgz#cb2af5a638fe3f3dc1710dd54f2ceff7355d433d"
  integrity sha512-y/UAJvLz3QHxw9cX2qnQ6bnXx9mB8AgVYiLcEFX4tUsDapyiD8nADFJjK98DJSvr8Z+dWEyQN+OwuW9l2CqpXw==
  dependencies:
    node-fetch "^2.6.1"
    suf-log "^2.5.3"
    suf-node "^1.3.3"
    tslib "^2.4.0"
    typescript "^4.6.4"

suf-log@^2.5.3:
  version "2.5.3"
  resolved "https://registry.yarnpkg.com/suf-log/-/suf-log-2.5.3.tgz#0919a7fceea532a99b578c97814c4e335b2d64d1"
  integrity sha512-KvC8OPjzdNOe+xQ4XWJV2whQA0aM1kGVczMQ8+dStAO6KfEB140JEVQ9dE76ONZ0/Ylf67ni4tILPJB41U0eow==
  dependencies:
    s.color "0.0.15"

suf-node@^1.3.3:
  version "1.3.3"
  resolved "https://registry.yarnpkg.com/suf-node/-/suf-node-1.3.3.tgz#1be555e09c475bee0a52b78ece518b5a8cce586e"
  integrity sha512-zKdj0Lnpp/n4qM9nICjZgmH6exmpSUXopQuolsKHvAUPXJnskRAFHfkhmCGsusX92U/DzFoWWJopbdezFKolpg==

tr46@~0.0.3:
  version "0.0.3"
  resolved "https://registry.yarnpkg.com/tr46/-/tr46-0.0.3.tgz#8184fd347dac9cdc185992f3a6622e14b9d9ab6a"
  integrity sha1-gYT9NH2snNwYWZLzpmIuFLnZq2o=

tslib@^2.4.0:
  version "2.4.0"
  resolved "https://registry.yarnpkg.com/tslib/-/tslib-2.4.0.tgz#7cecaa7f073ce680a05847aa77be941098f36dc3"
  integrity sha512-d6xOpEDfsi2CZVlPQzGeux8XMwLT9hssAsaPYExaQMuYskwb+x1x7J371tWlbBdWHroy99KnVB6qIkUbs5X3UQ==

typescript@^4.6.4:
  version "4.6.4"
  resolved "https://registry.yarnpkg.com/typescript/-/typescript-4.6.4.tgz#caa78bbc3a59e6a5c510d35703f6a09877ce45e9"
  integrity sha512-9ia/jWHIEbo49HfjrLGfKbZSuWo9iTMwXO+Ca3pRsSpbsMbc7/IU8NKdCZVRRBafVPGnoJeFL76ZOAA84I9fEg==

webidl-conversions@^3.0.0:
  version "3.0.1"
  resolved "https://registry.yarnpkg.com/webidl-conversions/-/webidl-conversions-3.0.1.tgz#24534275e2a7bc6be7bc86611cc16ae0a5654871"
  integrity sha1-JFNCdeKnvGvnvIZhHMFq4KVlSHE=

whatwg-url@^5.0.0:
  version "5.0.0"
  resolved "https://registry.yarnpkg.com/whatwg-url/-/whatwg-url-5.0.0.tgz#966454e8765462e37644d3626f6742ce8b70965d"
  integrity sha1-lmRU6HZUYuN2RNNib2dCzotwll0=
  dependencies:
    tr46 "~0.0.3"
    webidl-conversions "^3.0.0"
